// !$*UTF8*$!
{
	archiveVersion = 1;
	classes = {
	};
	objectVersion = 46;
	objects = {

/* Begin PBXBuildFile section */
		4AE99C6D1D1D4FA100D1794C /* main.m in Sources */ = {isa = PBXBuildFile; fileRef = 4AE99C6C1D1D4FA100D1794C /* main.m */; };
		4AE99C701D1D4FA100D1794C /* AppDelegate.m in Sources */ = {isa = PBXBuildFile; fileRef = 4AE99C6F1D1D4FA100D1794C /* AppDelegate.m */; };
		4AE99C731D1D4FA100D1794C /* ViewController.m in Sources */ = {isa = PBXBuildFile; fileRef = 4AE99C721D1D4FA100D1794C /* ViewController.m */; };
		4AE99C761D1D4FA100D1794C /* Main.storyboard in Resources */ = {isa = PBXBuildFile; fileRef = 4AE99C741D1D4FA100D1794C /* Main.storyboard */; };
		4AE99C781D1D4FA100D1794C /* Assets.xcassets in Resources */ = {isa = PBXBuildFile; fileRef = 4AE99C771D1D4FA100D1794C /* Assets.xcassets */; };
		4AE99C7B1D1D4FA100D1794C /* LaunchScreen.storyboard in Resources */ = {isa = PBXBuildFile; fileRef = 4AE99C791D1D4FA100D1794C /* LaunchScreen.storyboard */; };
		F7D83132BEED03037C4B8E38 /* libPods-FBLeak.a in Frameworks */ = {isa = PBXBuildFile; fileRef = 5D8C37B6E9395851575B8014 /* libPods-FBLeak.a */; };
/* End PBXBuildFile section */

/* Begin PBXFileReference section */
		4AE99C681D1D4FA100D1794C /* FBLeak.app */ = {isa = PBXFileReference; explicitFileType = wrapper.application; includeInIndex = 0; path = FBLeak.app; sourceTree = BUILT_PRODUCTS_DIR; };
		4AE99C6C1D1D4FA100D1794C /* main.m */ = {isa = PBXFileReference; lastKnownFileType = sourcecode.c.objc; path = main.m; sourceTree = "<group>"; };
		4AE99C6E1D1D4FA100D1794C /* AppDelegate.h */ = {isa = PBXFileReference; lastKnownFileType = sourcecode.c.h; path = AppDelegate.h; sourceTree = "<group>"; };
		4AE99C6F1D1D4FA100D1794C /* AppDelegate.m */ = {isa = PBXFileReference; lastKnownFileType = sourcecode.c.objc; path = AppDelegate.m; sourceTree = "<group>"; };
		4AE99C711D1D4FA100D1794C /* ViewController.h */ = {isa = PBXFileReference; lastKnownFileType = sourcecode.c.h; path = ViewController.h; sourceTree = "<group>"; };
		4AE99C721D1D4FA100D1794C /* ViewController.m */ = {isa = PBXFileReference; lastKnownFileType = sourcecode.c.objc; path = ViewController.m; sourceTree = "<group>"; };
		4AE99C751D1D4FA100D1794C /* Base */ = {isa = PBXFileReference; lastKnownFileType = file.storyboard; name = Base; path = Base.lproj/Main.storyboard; sourceTree = "<group>"; };
		4AE99C771D1D4FA100D1794C /* Assets.xcassets */ = {isa = PBXFileReference; lastKnownFileType = folder.assetcatalog; path = Assets.xcassets; sourceTree = "<group>"; };
		4AE99C7A1D1D4FA100D1794C /* Base */ = {isa = PBXFileReference; lastKnownFileType = file.storyboard; name = Base; path = Base.lproj/LaunchScreen.storyboard; sourceTree = "<group>"; };
		4AE99C7C1D1D4FA100D1794C /* Info.plist */ = {isa = PBXFileReference; lastKnownFileType = text.plist.xml; path = Info.plist; sourceTree = "<group>"; };
		5D8C37B6E9395851575B8014 /* libPods-FBLeak.a */ = {isa = PBXFileReference; explicitFileType = archive.ar; includeInIndex = 0; path = "libPods-FBLeak.a"; sourceTree = BUILT_PRODUCTS_DIR; };
		D0F8CE505117D9B669297EC6 /* Pods-FBLeak.debug.xcconfig */ = {isa = PBXFileReference; includeInIndex = 1; lastKnownFileType = text.xcconfig; name = "Pods-FBLeak.debug.xcconfig"; path = "Pods/Target Support Files/Pods-FBLeak/Pods-FBLeak.debug.xcconfig"; sourceTree = "<group>"; };
		FBB8A2199D03B84CCBFD43CB /* Pods-FBLeak.release.xcconfig */ = {isa = PBXFileReference; includeInIndex = 1; lastKnownFileType = text.xcconfig; name = "Pods-FBLeak.release.xcconfig"; path = "Pods/Target Support Files/Pods-FBLeak/Pods-FBLeak.release.xcconfig"; sourceTree = "<group>"; };
/* End PBXFileReference section */

/* Begin PBXFrameworksBuildPhase section */
		4AE99C651D1D4FA100D1794C /* Frameworks */ = {
			isa = PBXFrameworksBuildPhase;
			buildActionMask = 2147483647;
			files = (
				F7D83132BEED03037C4B8E38 /* libPods-FBLeak.a in Frameworks */,
			);
			runOnlyForDeploymentPostprocessing = 0;
		};
/* End PBXFrameworksBuildPhase section */

/* Begin PBXGroup section */
		4AE99C5F1D1D4FA100D1794C = {
			isa = PBXGroup;
			children = (
				4AE99C6A1D1D4FA100D1794C /* FBLeak */,
				4AE99C691D1D4FA100D1794C /* Products */,
				D0DFE9B1D92A6176A144FDDA /* Pods */,
				749CBCFFF62355E2F7B9CDCA /* Frameworks */,
			);
			sourceTree = "<group>";
		};
		4AE99C691D1D4FA100D1794C /* Products */ = {
			isa = PBXGroup;
			children = (
				4AE99C681D1D4FA100D1794C /* FBLeak.app */,
			);
			name = Products;
			sourceTree = "<group>";
		};
		4AE99C6A1D1D4FA100D1794C /* FBLeak */ = {
			isa = PBXGroup;
			children = (
				4AE99C6E1D1D4FA100D1794C /* AppDelegate.h */,
				4AE99C6F1D1D4FA100D1794C /* AppDelegate.m */,
				4AE99C711D1D4FA100D1794C /* ViewController.h */,
				4AE99C721D1D4FA100D1794C /* ViewController.m */,
				4AE99C741D1D4FA100D1794C /* Main.storyboard */,
				4AE99C771D1D4FA100D1794C /* Assets.xcassets */,
				4AE99C791D1D4FA100D1794C /* LaunchScreen.storyboard */,
				4AE99C7C1D1D4FA100D1794C /* Info.plist */,
				4AE99C6B1D1D4FA100D1794C /* Supporting Files */,
			);
			path = FBLeak;
			sourceTree = "<group>";
		};
		4AE99C6B1D1D4FA100D1794C /* Supporting Files */ = {
			isa = PBXGroup;
			children = (
				4AE99C6C1D1D4FA100D1794C /* main.m */,
			);
			name = "Supporting Files";
			sourceTree = "<group>";
		};
		749CBCFFF62355E2F7B9CDCA /* Frameworks */ = {
			isa = PBXGroup;
			children = (
				5D8C37B6E9395851575B8014 /* libPods-FBLeak.a */,
			);
			name = Frameworks;
			sourceTree = "<group>";
		};
		D0DFE9B1D92A6176A144FDDA /* Pods */ = {
			isa = PBXGroup;
			children = (
				D0F8CE505117D9B669297EC6 /* Pods-FBLeak.debug.xcconfig */,
				FBB8A2199D03B84CCBFD43CB /* Pods-FBLeak.release.xcconfig */,
			);
			name = Pods;
			sourceTree = "<group>";
		};
/* End PBXGroup section */

/* Begin PBXNativeTarget section */
		4AE99C671D1D4FA100D1794C /* FBLeak */ = {
			isa = PBXNativeTarget;
			buildConfigurationList = 4AE99C7F1D1D4FA100D1794C /* Build configuration list for PBXNativeTarget "FBLeak" */;
			buildPhases = (
				BA7A6DEC7762E2FE70B8FE35 /* [CP] Check Pods Manifest.lock */,
				4AE99C641D1D4FA100D1794C /* Sources */,
				4AE99C651D1D4FA100D1794C /* Frameworks */,
				4AE99C661D1D4FA100D1794C /* Resources */,
				9DA63501E09BE2BD746F9118 /* [CP] Embed Pods Frameworks */,
				E970087433529FE5D8794ACC /* [CP] Copy Pods Resources */,
			);
			buildRules = (
			);
			dependencies = (
			);
			name = FBLeak;
			productName = FBLeak;
			productReference = 4AE99C681D1D4FA100D1794C /* FBLeak.app */;
			productType = "com.apple.product-type.application";
		};
/* End PBXNativeTarget section */

/* Begin PBXProject section */
		4AE99C601D1D4FA100D1794C /* Project object */ = {
			isa = PBXProject;
			attributes = {
				LastUpgradeCheck = 0720;
				ORGANIZATIONNAME = Booking.com;
				TargetAttributes = {
					4AE99C671D1D4FA100D1794C = {
						CreatedOnToolsVersion = 7.2;
						DevelopmentTeam = 9N8J37JRX8;
					};
				};
			};
			buildConfigurationList = 4AE99C631D1D4FA100D1794C /* Build configuration list for PBXProject "FBLeak" */;
			compatibilityVersion = "Xcode 3.2";
			developmentRegion = English;
			hasScannedForEncodings = 0;
			knownRegions = (
				en,
				Base,
			);
			mainGroup = 4AE99C5F1D1D4FA100D1794C;
			productRefGroup = 4AE99C691D1D4FA100D1794C /* Products */;
			projectDirPath = "";
			projectRoot = "";
			targets = (
				4AE99C671D1D4FA100D1794C /* FBLeak */,
			);
		};
/* End PBXProject section */

/* Begin PBXResourcesBuildPhase section */
		4AE99C661D1D4FA100D1794C /* Resources */ = {
			isa = PBXResourcesBuildPhase;
			buildActionMask = 2147483647;
			files = (
				4AE99C7B1D1D4FA100D1794C /* LaunchScreen.storyboard in Resources */,
				4AE99C781D1D4FA100D1794C /* Assets.xcassets in Resources */,
				4AE99C761D1D4FA100D1794C /* Main.storyboard in Resources */,
			);
			runOnlyForDeploymentPostprocessing = 0;
		};
/* End PBXResourcesBuildPhase section */

/* Begin PBXShellScriptBuildPhase section */
		9DA63501E09BE2BD746F9118 /* [CP] Embed Pods Frameworks */ = {
			isa = PBXShellScriptBuildPhase;
			buildActionMask = 2147483647;
			files = (
			);
			inputPaths = (
			);
			name = "[CP] Embed Pods Frameworks";
			outputPaths = (
			);
			runOnlyForDeploymentPostprocessing = 0;
			shellPath = /bin/sh;
			shellScript = "\"${SRCROOT}/Pods/Target Support Files/Pods-FBLeak/Pods-FBLeak-frameworks.sh\"\n";
			showEnvVarsInLog = 0;
		};
		BA7A6DEC7762E2FE70B8FE35 /* [CP] Check Pods Manifest.lock */ = {
			isa = PBXShellScriptBuildPhase;
			buildActionMask = 2147483647;
			files = (
			);
			inputPaths = (
			);
			name = "[CP] Check Pods Manifest.lock";
			outputPaths = (
			);
			runOnlyForDeploymentPostprocessing = 0;
			shellPath = /bin/sh;
			shellScript = "diff \"${PODS_ROOT}/../Podfile.lock\" \"${PODS_ROOT}/Manifest.lock\" > /dev/null\nif [[ $? != 0 ]] ; then\n    cat << EOM\nerror: The sandbox is not in sync with the Podfile.lock. Run 'pod install' or update your CocoaPods installation.\nEOM\n    exit 1\nfi\n";
			showEnvVarsInLog = 0;
		};
		E970087433529FE5D8794ACC /* [CP] Copy Pods Resources */ = {
			isa = PBXShellScriptBuildPhase;
			buildActionMask = 2147483647;
			files = (
			);
			inputPaths = (
			);
			name = "[CP] Copy Pods Resources";
			outputPaths = (
			);
			runOnlyForDeploymentPostprocessing = 0;
			shellPath = /bin/sh;
			shellScript = "\"${SRCROOT}/Pods/Target Support Files/Pods-FBLeak/Pods-FBLeak-resources.sh\"\n";
			showEnvVarsInLog = 0;
		};
/* End PBXShellScriptBuildPhase section */

/* Begin PBXSourcesBuildPhase section */
		4AE99C641D1D4FA100D1794C /* Sources */ = {
			isa = PBXSourcesBuildPhase;
			buildActionMask = 2147483647;
			files = (
				4AE99C731D1D4FA100D1794C /* ViewController.m in Sources */,
				4AE99C701D1D4FA100D1794C /* AppDelegate.m in Sources */,
				4AE99C6D1D1D4FA100D1794C /* main.m in Sources */,
			);
			runOnlyForDeploymentPostprocessing = 0;
		};
/* End PBXSourcesBuildPhase section */

/* Begin PBXVariantGroup section */
		4AE99C741D1D4FA100D1794C /* Main.storyboard */ = {
			isa = PBXVariantGroup;
			children = (
				4AE99C751D1D4FA100D1794C /* Base */,
			);
			name = Main.storyboard;
			sourceTree = "<group>";
		};
		4AE99C791D1D4FA100D1794C /* LaunchScreen.storyboard */ = {
			isa = PBXVariantGroup;
			children = (
				4AE99C7A1D1D4FA100D1794C /* Base */,
			);
			name = LaunchScreen.storyboard;
			sourceTree = "<group>";
		};
/* End PBXVariantGroup section */

/* Begin XCBuildConfiguration section */
		4AE99C7D1D1D4FA100D1794C /* Debug */ = {
			isa = XCBuildConfiguration;
			buildSettings = {
				ALWAYS_SEARCH_USER_PATHS = NO;
				CLANG_CXX_LANGUAGE_STANDARD = "gnu++0x";
				CLANG_CXX_LIBRARY = "libc++";
				CLANG_ENABLE_MODULES = YES;
				CLANG_ENABLE_OBJC_ARC = YES;
				CLANG_WARN_BOOL_CONVERSION = YES;
				CLANG_WARN_CONSTANT_CONVERSION = YES;
				CLANG_WARN_DIRECT_OBJC_ISA_USAGE = YES_ERROR;
				CLANG_WARN_EMPTY_BODY = YES;
				CLANG_WARN_ENUM_CONVERSION = YES;
				CLANG_WARN_INT_CONVERSION = YES;
				CLANG_WARN_OBJC_ROOT_CLASS = YES_ERROR;
				CLANG_WARN_UNREACHABLE_CODE = YES;
				CLANG_WARN__DUPLICATE_METHOD_MATCH = YES;
				"CODE_SIGN_IDENTITY[sdk=iphoneos*]" = "iPhone Developer";
				COPY_PHASE_STRIP = NO;
				DEBUG_INFORMATION_FORMAT = dwarf;
				ENABLE_BITCODE = NO;
				ENABLE_STRICT_OBJC_MSGSEND = YES;
				ENABLE_TESTABILITY = YES;
				GCC_C_LANGUAGE_STANDARD = gnu99;
				GCC_DYNAMIC_NO_PIC = NO;
				GCC_NO_COMMON_BLOCKS = YES;
				GCC_OPTIMIZATION_LEVEL = 0;
				GCC_PREPROCESSOR_DEFINITIONS = (
					"DEBUG=1",
					"$(inherited)",
				);
				GCC_WARN_64_TO_32_BIT_CONVERSION = YES;
				GCC_WARN_ABOUT_RETURN_TYPE = YES_ERROR;
				GCC_WARN_UNDECLARED_SELECTOR = YES;
				GCC_WARN_UNINITIALIZED_AUTOS = YES_AGGRESSIVE;
				GCC_WARN_UNUSED_FUNCTION = YES;
				GCC_WARN_UNUSED_VARIABLE = YES;
				IPHONEOS_DEPLOYMENT_TARGET = 9.2;
				MTL_ENABLE_DEBUG_INFO = YES;
				ONLY_ACTIVE_ARCH = YES;
				SDKROOT = iphoneos;
				TARGETED_DEVICE_FAMILY = "1,2";
			};
			name = Debug;
		};
		4AE99C7E1D1D4FA100D1794C /* Release */ = {
			isa = XCBuildConfiguration;
			buildSettings = {
				ALWAYS_SEARCH_USER_PATHS = NO;
				CLANG_CXX_LANGUAGE_STANDARD = "gnu++0x";
				CLANG_CXX_LIBRARY = "libc++";
				CLANG_ENABLE_MODULES = YES;
				CLANG_ENABLE_OBJC_ARC = YES;
				CLANG_WARN_BOOL_CONVERSION = YES;
				CLANG_WARN_CONSTANT_CONVERSION = YES;
				CLANG_WARN_DIRECT_OBJC_ISA_USAGE = YES_ERROR;
				CLANG_WARN_EMPTY_BODY = YES;
				CLANG_WARN_ENUM_CONVERSION = YES;
				CLANG_WARN_INT_CONVERSION = YES;
				CLANG_WARN_OBJC_ROOT_CLASS = YES_ERROR;
				CLANG_WARN_UNREACHABLE_CODE = YES;
				CLANG_WARN__DUPLICATE_METHOD_MATCH = YES;
				"CODE_SIGN_IDENTITY[sdk=iphoneos*]" = "iPhone Developer";
				COPY_PHASE_STRIP = NO;
				DEBUG_INFORMATION_FORMAT = "dwarf-with-dsym";
				ENABLE_BITCODE = NO;
				ENABLE_NS_ASSERTIONS = NO;
				ENABLE_STRICT_OBJC_MSGSEND = YES;
				GCC_C_LANGUAGE_STANDARD = gnu99;
				GCC_NO_COMMON_BLOCKS = YES;
				GCC_WARN_64_TO_32_BIT_CONVERSION = YES;
				GCC_WARN_ABOUT_RETURN_TYPE = YES_ERROR;
				GCC_WARN_UNDECLARED_SELECTOR = YES;
				GCC_WARN_UNINITIALIZED_AUTOS = YES_AGGRESSIVE;
				GCC_WARN_UNUSED_FUNCTION = YES;
				GCC_WARN_UNUSED_VARIABLE = YES;
				IPHONEOS_DEPLOYMENT_TARGET = 9.2;
				MTL_ENABLE_DEBUG_INFO = NO;
				SDKROOT = iphoneos;
				TARGETED_DEVICE_FAMILY = "1,2";
				VALIDATE_PRODUCT = YES;
			};
			name = Release;
		};
		4AE99C801D1D4FA100D1794C /* Debug */ = {
			isa = XCBuildConfiguration;
			baseConfigurationReference = D0F8CE505117D9B669297EC6 /* Pods-FBLeak.debug.xcconfig */;
			buildSettings = {
				ASSETCATALOG_COMPILER_APPICON_NAME = AppIcon;
				CODE_SIGN_IDENTITY = "iPhone Developer";
				INFOPLIST_FILE = FBLeak/Info.plist;
				IPHONEOS_DEPLOYMENT_TARGET = 8.0;
				LD_RUNPATH_SEARCH_PATHS = "$(inherited) @executable_path/Frameworks";
				PRODUCT_BUNDLE_IDENTIFIER = com.booking.BookingApp;
				PRODUCT_NAME = "$(TARGET_NAME)";
			};
			name = Debug;
		};
		4AE99C811D1D4FA100D1794C /* Release */ = {
			isa = XCBuildConfiguration;
			baseConfigurationReference = FBB8A2199D03B84CCBFD43CB /* Pods-FBLeak.release.xcconfig */;
			buildSettings = {
				ASSETCATALOG_COMPILER_APPICON_NAME = AppIcon;
				CODE_SIGN_IDENTITY = "iPhone Developer";
				INFOPLIST_FILE = FBLeak/Info.plist;
				IPHONEOS_DEPLOYMENT_TARGET = 8.0;
				LD_RUNPATH_SEARCH_PATHS = "$(inherited) @executable_path/Frameworks";
				PRODUCT_BUNDLE_IDENTIFIER = com.booking.BookingApp;
				PRODUCT_NAME = "$(TARGET_NAME)";
			};
			name = Release;
		};
/* End XCBuildConfiguration section */

/* Begin XCConfigurationList section */
		4AE99C631D1D4FA100D1794C /* Build configuration list for PBXProject "FBLeak" */ = {
			isa = XCConfigurationList;
			buildConfigurations = (
				4AE99C7D1D1D4FA100D1794C /* Debug */,
				4AE99C7E1D1D4FA100D1794C /* Release */,
			);
			defaultConfigurationIsVisible = 0;
			defaultConfigurationName = Release;
		};
		4AE99C7F1D1D4FA100D1794C /* Build configuration list for PBXNativeTarget "FBLeak" */ = {
			isa = XCConfigurationList;
			buildConfigurations = (
				4AE99C801D1D4FA100D1794C /* Debug */,
				4AE99C811D1D4FA100D1794C /* Release */,
			);
			defaultConfigurationIsVisible = 0;
			defaultConfigurationName = Release;
		};
/* End XCConfigurationList section */
	};
	rootObject = 4AE99C601D1D4FA100D1794C /* Project object */;
}
